
Microsoft Visual Studio Solution File, Format Version 12.00
# Visual Studio 15
VisualStudioVersion = 15.0.28307.902
MinimumVisualStudioVersion = 10.0.40219.1
Project("{FAE04EC0-301F-11D3-BF4B-00C04F79EFBC}") = "MGFramework", "MGFramework\MGFramework.csproj", "{7F944004-69E9-420B-BF11-7962B955A568}"
EndProject
Global
	GlobalSection(SolutionConfigurationPlatforms) = preSolution
		Debug|Any CPU = Debug|Any CPU
		Release|Any CPU = Release|Any CPU
		Unity2019.2.4f1|Any CPU = Unity2019.2.4f1|Any CPU
	EndGlobalSection
	GlobalSection(ProjectConfigurationPlatforms) = postSolution
		{7F944004-69E9-420B-BF11-7962B955A568}.Debug|Any CPU.ActiveCfg = Debug|Any CPU
		{7F944004-69E9-420B-BF11-7962B955A568}.Debug|Any CPU.Build.0 = Debug|Any CPU
		{7F944004-69E9-420B-BF11-7962B955A568}.Release|Any CPU.ActiveCfg = Release|Any CPU
		{7F944004-69E9-420B-BF11-7962B955A568}.Release|Any CPU.Build.0 = Release|Any CPU
		{7F944004-69E9-420B-BF11-7962B955A568}.Unity2019.2.4f1|Any CPU.ActiveCfg = Unity2019.2.4f1|Any CPU
		{7F944004-69E9-420B-BF11-7962B955A568}.Unity2019.2.4f1|Any CPU.Build.0 = Unity2019.2.4f1|Any CPU
	EndGlobalSection
	GlobalSection(SolutionProperties) = preSolution
		HideSolutionNode = FALSE
	EndGlobalSection
	GlobalSection(ExtensibilityGlobals) = postSolution
		SolutionGuid = {EAD27CC8-4BD0-4F19-91D8-FF62EE82020E}
	EndGlobalSection
EndGlobal
